
Microsoft Visual Studio Solution File, Format Version 12.00
# Visual Studio Version 17
VisualStudioVersion = 17.11.35312.102
MinimumVisualStudioVersion = 10.0.40219.1
Project("{8BC9CEB8-8B4A-11D0-8D11-00A0C91BC942}") = "1934 최소 공배수 구하기", "1934 최소 공배수 구하기\1934 최소 공배수 구하기.vcxproj", "{50EAEEF4-CF5C-4955-8BFE-2E9A714FBF4F}"
EndProject
Global
	GlobalSection(SolutionConfigurationPlatforms) = preSolution
		Debug|x64 = Debug|x64
		Debug|x86 = Debug|x86
		Release|x64 = Release|x64
		Release|x86 = Release|x86
	EndGlobalSection
	GlobalSection(ProjectConfigurationPlatforms) = postSolution
		{50EAEEF4-CF5C-4955-8BFE-2E9A714FBF4F}.Debug|x64.ActiveCfg = Debug|x64
		{50EAEEF4-CF5C-4955-8BFE-2E9A714FBF4F}.Debug|x64.Build.0 = Debug|x64
		{50EAEEF4-CF5C-4955-8BFE-2E9A714FBF4F}.Debug|x86.ActiveCfg = Debug|Win32
		{50EAEEF4-CF5C-4955-8BFE-2E9A714FBF4F}.Debug|x86.Build.0 = Debug|Win32
		{50EAEEF4-CF5C-4955-8BFE-2E9A714FBF4F}.Release|x64.ActiveCfg = Release|x64
		{50EAEEF4-CF5C-4955-8BFE-2E9A714FBF4F}.Release|x64.Build.0 = Release|x64
		{50EAEEF4-CF5C-4955-8BFE-2E9A714FBF4F}.Release|x86.ActiveCfg = Release|Win32
		{50EAEEF4-CF5C-4955-8BFE-2E9A714FBF4F}.Release|x86.Build.0 = Release|Win32
	EndGlobalSection
	GlobalSection(SolutionProperties) = preSolution
		HideSolutionNode = FALSE
	EndGlobalSection
	GlobalSection(ExtensibilityGlobals) = postSolution
		SolutionGuid = {37E1038D-9C57-4422-A91C-51B674BE28F8}
	EndGlobalSection
EndGlobal
