
Microsoft Visual Studio Solution File, Format Version 12.00
# Visual Studio Version 17
VisualStudioVersion = 17.11.35312.102
MinimumVisualStudioVersion = 10.0.40219.1
Project("{8BC9CEB8-8B4A-11D0-8D11-00A0C91BC942}") = "1300 k번째 수", "1300 k번째 수\1300 k번째 수.vcxproj", "{3A1A90C6-0FCA-447B-B0A4-7A948AB69E8D}"
EndProject
Global
	GlobalSection(SolutionConfigurationPlatforms) = preSolution
		Debug|x64 = Debug|x64
		Debug|x86 = Debug|x86
		Release|x64 = Release|x64
		Release|x86 = Release|x86
	EndGlobalSection
	GlobalSection(ProjectConfigurationPlatforms) = postSolution
		{3A1A90C6-0FCA-447B-B0A4-7A948AB69E8D}.Debug|x64.ActiveCfg = Debug|x64
		{3A1A90C6-0FCA-447B-B0A4-7A948AB69E8D}.Debug|x64.Build.0 = Debug|x64
		{3A1A90C6-0FCA-447B-B0A4-7A948AB69E8D}.Debug|x86.ActiveCfg = Debug|Win32
		{3A1A90C6-0FCA-447B-B0A4-7A948AB69E8D}.Debug|x86.Build.0 = Debug|Win32
		{3A1A90C6-0FCA-447B-B0A4-7A948AB69E8D}.Release|x64.ActiveCfg = Release|x64
		{3A1A90C6-0FCA-447B-B0A4-7A948AB69E8D}.Release|x64.Build.0 = Release|x64
		{3A1A90C6-0FCA-447B-B0A4-7A948AB69E8D}.Release|x86.ActiveCfg = Release|Win32
		{3A1A90C6-0FCA-447B-B0A4-7A948AB69E8D}.Release|x86.Build.0 = Release|Win32
	EndGlobalSection
	GlobalSection(SolutionProperties) = preSolution
		HideSolutionNode = FALSE
	EndGlobalSection
	GlobalSection(ExtensibilityGlobals) = postSolution
		SolutionGuid = {094275E7-0F50-4914-8120-CA9A09E94C12}
	EndGlobalSection
EndGlobal
