
Microsoft Visual Studio Solution File, Format Version 12.00
# Visual Studio Version 17
VisualStudioVersion = 17.11.35312.102
MinimumVisualStudioVersion = 10.0.40219.1
Project("{8BC9CEB8-8B4A-11D0-8D11-00A0C91BC942}") = "10986 나머지 합 구하기", "10986 나머지 합 구하기\10986 나머지 합 구하기.vcxproj", "{C132FD34-9E2D-48BF-B411-07455FD5A218}"
EndProject
Global
	GlobalSection(SolutionConfigurationPlatforms) = preSolution
		Debug|x64 = Debug|x64
		Debug|x86 = Debug|x86
		Release|x64 = Release|x64
		Release|x86 = Release|x86
	EndGlobalSection
	GlobalSection(ProjectConfigurationPlatforms) = postSolution
		{C132FD34-9E2D-48BF-B411-07455FD5A218}.Debug|x64.ActiveCfg = Debug|x64
		{C132FD34-9E2D-48BF-B411-07455FD5A218}.Debug|x64.Build.0 = Debug|x64
		{C132FD34-9E2D-48BF-B411-07455FD5A218}.Debug|x86.ActiveCfg = Debug|Win32
		{C132FD34-9E2D-48BF-B411-07455FD5A218}.Debug|x86.Build.0 = Debug|Win32
		{C132FD34-9E2D-48BF-B411-07455FD5A218}.Release|x64.ActiveCfg = Release|x64
		{C132FD34-9E2D-48BF-B411-07455FD5A218}.Release|x64.Build.0 = Release|x64
		{C132FD34-9E2D-48BF-B411-07455FD5A218}.Release|x86.ActiveCfg = Release|Win32
		{C132FD34-9E2D-48BF-B411-07455FD5A218}.Release|x86.Build.0 = Release|Win32
	EndGlobalSection
	GlobalSection(SolutionProperties) = preSolution
		HideSolutionNode = FALSE
	EndGlobalSection
	GlobalSection(ExtensibilityGlobals) = postSolution
		SolutionGuid = {6BF96C39-67DE-49E0-A1C5-E40B090261F0}
	EndGlobalSection
EndGlobal
