
Microsoft Visual Studio Solution File, Format Version 12.00
# Visual Studio Version 17
VisualStudioVersion = 17.11.35312.102
MinimumVisualStudioVersion = 10.0.40219.1
Project("{8BC9CEB8-8B4A-11D0-8D11-00A0C91BC942}") = "14889 스타트와 링크", "14889 스타트와 링크\14889 스타트와 링크.vcxproj", "{278F483A-4ECF-4764-8359-57134BD01381}"
EndProject
Global
	GlobalSection(SolutionConfigurationPlatforms) = preSolution
		Debug|x64 = Debug|x64
		Debug|x86 = Debug|x86
		Release|x64 = Release|x64
		Release|x86 = Release|x86
	EndGlobalSection
	GlobalSection(ProjectConfigurationPlatforms) = postSolution
		{278F483A-4ECF-4764-8359-57134BD01381}.Debug|x64.ActiveCfg = Debug|x64
		{278F483A-4ECF-4764-8359-57134BD01381}.Debug|x64.Build.0 = Debug|x64
		{278F483A-4ECF-4764-8359-57134BD01381}.Debug|x86.ActiveCfg = Debug|Win32
		{278F483A-4ECF-4764-8359-57134BD01381}.Debug|x86.Build.0 = Debug|Win32
		{278F483A-4ECF-4764-8359-57134BD01381}.Release|x64.ActiveCfg = Release|x64
		{278F483A-4ECF-4764-8359-57134BD01381}.Release|x64.Build.0 = Release|x64
		{278F483A-4ECF-4764-8359-57134BD01381}.Release|x86.ActiveCfg = Release|Win32
		{278F483A-4ECF-4764-8359-57134BD01381}.Release|x86.Build.0 = Release|Win32
	EndGlobalSection
	GlobalSection(SolutionProperties) = preSolution
		HideSolutionNode = FALSE
	EndGlobalSection
	GlobalSection(ExtensibilityGlobals) = postSolution
		SolutionGuid = {C801DC07-F005-42AE-A8E1-5AE2304FD80A}
	EndGlobalSection
EndGlobal
