
Microsoft Visual Studio Solution File, Format Version 12.00
# Visual Studio Version 17
VisualStudioVersion = 17.11.35312.102
MinimumVisualStudioVersion = 10.0.40219.1
Project("{8BC9CEB8-8B4A-11D0-8D11-00A0C91BC942}") = "14501 퇴사", "14501 퇴사\14501 퇴사.vcxproj", "{BE6E034B-33B4-45B2-ABE6-EDA9B50BF19A}"
EndProject
Global
	GlobalSection(SolutionConfigurationPlatforms) = preSolution
		Debug|x64 = Debug|x64
		Debug|x86 = Debug|x86
		Release|x64 = Release|x64
		Release|x86 = Release|x86
	EndGlobalSection
	GlobalSection(ProjectConfigurationPlatforms) = postSolution
		{BE6E034B-33B4-45B2-ABE6-EDA9B50BF19A}.Debug|x64.ActiveCfg = Debug|x64
		{BE6E034B-33B4-45B2-ABE6-EDA9B50BF19A}.Debug|x64.Build.0 = Debug|x64
		{BE6E034B-33B4-45B2-ABE6-EDA9B50BF19A}.Debug|x86.ActiveCfg = Debug|Win32
		{BE6E034B-33B4-45B2-ABE6-EDA9B50BF19A}.Debug|x86.Build.0 = Debug|Win32
		{BE6E034B-33B4-45B2-ABE6-EDA9B50BF19A}.Release|x64.ActiveCfg = Release|x64
		{BE6E034B-33B4-45B2-ABE6-EDA9B50BF19A}.Release|x64.Build.0 = Release|x64
		{BE6E034B-33B4-45B2-ABE6-EDA9B50BF19A}.Release|x86.ActiveCfg = Release|Win32
		{BE6E034B-33B4-45B2-ABE6-EDA9B50BF19A}.Release|x86.Build.0 = Release|Win32
	EndGlobalSection
	GlobalSection(SolutionProperties) = preSolution
		HideSolutionNode = FALSE
	EndGlobalSection
	GlobalSection(ExtensibilityGlobals) = postSolution
		SolutionGuid = {67A07DA6-B256-4FA1-9A35-CCA365FAC7C9}
	EndGlobalSection
EndGlobal
